
Microsoft Visual Studio Solution File, Format Version 12.00
# Visual Studio Version 17
VisualStudioVersion = 17.11.35303.130
MinimumVisualStudioVersion = 10.0.40219.1
Project("{9A19103F-16F7-4668-BE54-9A1E7A4F7556}") = "LoadDWVentas.Data", "LOADDWVENTAS.DATA\LoadDWVentas.Data.csproj", "{FFC73A25-BE99-4D8B-A524-32855392F187}"
EndProject
Project("{9A19103F-16F7-4668-BE54-9A1E7A4F7556}") = "LOADDWVENTAS.WorkerService", "LOADDWVENTAS.WorkerService\LOADDWVENTAS.WorkerService.csproj", "{AA8C438A-B288-4023-9EDF-C193B301E146}"
EndProject
Global
	GlobalSection(SolutionConfigurationPlatforms) = preSolution
		Debug|Any CPU = Debug|Any CPU
		Release|Any CPU = Release|Any CPU
	EndGlobalSection
	GlobalSection(ProjectConfigurationPlatforms) = postSolution
		{FFC73A25-BE99-4D8B-A524-32855392F187}.Debug|Any CPU.ActiveCfg = Debug|Any CPU
		{FFC73A25-BE99-4D8B-A524-32855392F187}.Debug|Any CPU.Build.0 = Debug|Any CPU
		{FFC73A25-BE99-4D8B-A524-32855392F187}.Release|Any CPU.ActiveCfg = Release|Any CPU
		{FFC73A25-BE99-4D8B-A524-32855392F187}.Release|Any CPU.Build.0 = Release|Any CPU
		{AA8C438A-B288-4023-9EDF-C193B301E146}.Debug|Any CPU.ActiveCfg = Debug|Any CPU
		{AA8C438A-B288-4023-9EDF-C193B301E146}.Debug|Any CPU.Build.0 = Debug|Any CPU
		{AA8C438A-B288-4023-9EDF-C193B301E146}.Release|Any CPU.ActiveCfg = Release|Any CPU
		{AA8C438A-B288-4023-9EDF-C193B301E146}.Release|Any CPU.Build.0 = Release|Any CPU
	EndGlobalSection
	GlobalSection(SolutionProperties) = preSolution
		HideSolutionNode = FALSE
	EndGlobalSection
	GlobalSection(ExtensibilityGlobals) = postSolution
		SolutionGuid = {4107C022-842C-4BAC-BD6C-9CFE5E813263}
	EndGlobalSection
EndGlobal
